hash: 201770bd17b2c413d387deb0077de424681ac1dde5bbc373b4e645fd3bfca53c
updated: 2016-04-19T16:48:21.502386885+01:00
imports:
- name: github.com/stretchr/testify
  version: c5d7a69bf8a2c9c374798160849c071093e41dd1
- name: gopkg.in/yaml.v2
  version: a83829b6f1293c91addabc89d0571c246397bbf4
devImports: []
